// !$*UTF8*$!
{
	archiveVersion = 1;
	classes = {
	};
	objectVersion = 48;
	objects = {

/* Begin PBXBuildFile section */
		A10849D61FF87E4600A7E045 /* AppDelegate.swift in Sources */ = {isa = PBXBuildFile; fileRef = A10849D51FF87E4600A7E045 /* AppDelegate.swift */; };
		A10849D81FF87E4600A7E045 /* IntroViewController.swift in Sources */ = {isa = PBXBuildFile; fileRef = A10849D71FF87E4600A7E045 /* IntroViewController.swift */; };
		A10849DB1FF87E4600A7E045 /* Main.storyboard in Resources */ = {isa = PBXBuildFile; fileRef = A10849D91FF87E4600A7E045 /* Main.storyboard */; };
		A10849DD1FF87E4700A7E045 /* Assets.xcassets in Resources */ = {isa = PBXBuildFile; fileRef = A10849DC1FF87E4700A7E045 /* Assets.xcassets */; };
		A10849E01FF87E4700A7E045 /* LaunchScreen.storyboard in Resources */ = {isa = PBXBuildFile; fileRef = A10849DE1FF87E4700A7E045 /* LaunchScreen.storyboard */; };
		A19305101FF88CDD00F059DE /* QuestionViewController.swift in Sources */ = {isa = PBXBuildFile; fileRef = A193050F1FF88CDD00F059DE /* QuestionViewController.swift */; };
		A19305121FF88D0500F059DE /* ResultsViewController.swift in Sources */ = {isa = PBXBuildFile; fileRef = A19305111FF88D0500F059DE /* ResultsViewController.swift */; };
/* End PBXBuildFile section */

/* Begin PBXFileReference section */
		A10849D21FF87E4600A7E045 /* iOS_Personality_Quiz.app */ = {isa = PBXFileReference; explicitFileType = wrapper.application; includeInIndex = 0; path = iOS_Personality_Quiz.app; sourceTree = BUILT_PRODUCTS_DIR; };
		A10849D51FF87E4600A7E045 /* AppDelegate.swift */ = {isa = PBXFileReference; lastKnownFileType = sourcecode.swift; path = AppDelegate.swift; sourceTree = "<group>"; };
		A10849D71FF87E4600A7E045 /* IntroViewController.swift */ = {isa = PBXFileReference; lastKnownFileType = sourcecode.swift; path = IntroViewController.swift; sourceTree = "<group>"; };
		A10849DA1FF87E4600A7E045 /* Base */ = {isa = PBXFileReference; lastKnownFileType = file.storyboard; name = Base; path = Base.lproj/Main.storyboard; sourceTree = "<group>"; };
		A10849DC1FF87E4700A7E045 /* Assets.xcassets */ = {isa = PBXFileReference; lastKnownFileType = folder.assetcatalog; path = Assets.xcassets; sourceTree = "<group>"; };
		A10849DF1FF87E4700A7E045 /* Base */ = {isa = PBXFileReference; lastKnownFileType = file.storyboard; name = Base; path = Base.lproj/LaunchScreen.storyboard; sourceTree = "<group>"; };
		A10849E11FF87E4700A7E045 /* Info.plist */ = {isa = PBXFileReference; lastKnownFileType = text.plist.xml; path = Info.plist; sourceTree = "<group>"; };
		A193050F1FF88CDD00F059DE /* QuestionViewController.swift */ = {isa = PBXFileReference; lastKnownFileType = sourcecode.swift; path = QuestionViewController.swift; sourceTree = "<group>"; };
		A19305111FF88D0500F059DE /* ResultsViewController.swift */ = {isa = PBXFileReference; lastKnownFileType = sourcecode.swift; path = ResultsViewController.swift; sourceTree = "<group>"; };
/* End PBXFileReference section */

/* Begin PBXFrameworksBuildPhase section */
		A10849CF1FF87E4600A7E045 /* Frameworks */ = {
			isa = PBXFrameworksBuildPhase;
			buildActionMask = 2147483647;
			files = (
			);
			runOnlyForDeploymentPostprocessing = 0;
		};
/* End PBXFrameworksBuildPhase section */

/* Begin PBXGroup section */
		A10849C91FF87E4600A7E045 = {
			isa = PBXGroup;
			children = (
				A10849D41FF87E4600A7E045 /* iOS_Personality_Quiz */,
				A10849D31FF87E4600A7E045 /* Products */,
			);
			sourceTree = "<group>";
		};
		A10849D31FF87E4600A7E045 /* Products */ = {
			isa = PBXGroup;
			children = (
				A10849D21FF87E4600A7E045 /* iOS_Personality_Quiz.app */,
			);
			name = Products;
			sourceTree = "<group>";
		};
		A10849D41FF87E4600A7E045 /* iOS_Personality_Quiz */ = {
			isa = PBXGroup;
			children = (
				A193050F1FF88CDD00F059DE /* QuestionViewController.swift */,
				A19305111FF88D0500F059DE /* ResultsViewController.swift */,
				A10849D51FF87E4600A7E045 /* AppDelegate.swift */,
				A10849D71FF87E4600A7E045 /* IntroViewController.swift */,
				A10849D91FF87E4600A7E045 /* Main.storyboard */,
				A10849DC1FF87E4700A7E045 /* Assets.xcassets */,
				A10849DE1FF87E4700A7E045 /* LaunchScreen.storyboard */,
				A10849E11FF87E4700A7E045 /* Info.plist */,
			);
			path = iOS_Personality_Quiz;
			sourceTree = "<group>";
		};
/* End PBXGroup section */

/* Begin PBXNativeTarget section */
		A10849D11FF87E4600A7E045 /* iOS_Personality_Quiz */ = {
			isa = PBXNativeTarget;
			buildConfigurationList = A10849E41FF87E4700A7E045 /* Build configuration list for PBXNativeTarget "iOS_Personality_Quiz" */;
			buildPhases = (
				A10849CE1FF87E4600A7E045 /* Sources */,
				A10849CF1FF87E4600A7E045 /* Frameworks */,
				A10849D01FF87E4600A7E045 /* Resources */,
			);
			buildRules = (
			);
			dependencies = (
			);
			name = iOS_Personality_Quiz;
			productName = iOS_Personality_Quiz;
			productReference = A10849D21FF87E4600A7E045 /* iOS_Personality_Quiz.app */;
			productType = "com.apple.product-type.application";
		};
/* End PBXNativeTarget section */

/* Begin PBXProject section */
		A10849CA1FF87E4600A7E045 /* Project object */ = {
			isa = PBXProject;
			attributes = {
				LastSwiftUpdateCheck = 0920;
				LastUpgradeCheck = 0920;
				ORGANIZATIONNAME = "Garrett Wolfe";
				TargetAttributes = {
					A10849D11FF87E4600A7E045 = {
						CreatedOnToolsVersion = 9.2;
						ProvisioningStyle = Automatic;
					};
				};
			};
			buildConfigurationList = A10849CD1FF87E4600A7E045 /* Build configuration list for PBXProject "iOS_Personality_Quiz" */;
			compatibilityVersion = "Xcode 8.0";
			developmentRegion = en;
			hasScannedForEncodings = 0;
			knownRegions = (
				en,
				Base,
			);
			mainGroup = A10849C91FF87E4600A7E045;
			productRefGroup = A10849D31FF87E4600A7E045 /* Products */;
			projectDirPath = "";
			projectRoot = "";
			targets = (
				A10849D11FF87E4600A7E045 /* iOS_Personality_Quiz */,
			);
		};
/* End PBXProject section */

/* Begin PBXResourcesBuildPhase section */
		A10849D01FF87E4600A7E045 /* Resources */ = {
			isa = PBXResourcesBuildPhase;
			buildActionMask = 2147483647;
			files = (
				A10849E01FF87E4700A7E045 /* LaunchScreen.storyboard in Resources */,
				A10849DD1FF87E4700A7E045 /* Assets.xcassets in Resources */,
				A10849DB1FF87E4600A7E045 /* Main.storyboard in Resources */,
			);
			runOnlyForDeploymentPostprocessing = 0;
		};
/* End PBXResourcesBuildPhase section */

/* Begin PBXSourcesBuildPhase section */
		A10849CE1FF87E4600A7E045 /* Sources */ = {
			isa = PBXSourcesBuildPhase;
			buildActionMask = 2147483647;
			files = (
				A10849D81FF87E4600A7E045 /* IntroViewController.swift in Sources */,
				A10849D61FF87E4600A7E045 /* AppDelegate.swift in Sources */,
				A19305101FF88CDD00F059DE /* QuestionViewController.swift in Sources */,
				A19305121FF88D0500F059DE /* ResultsViewController.swift in Sources */,
			);
			runOnlyForDeploymentPostprocessing = 0;
		};
/* End PBXSourcesBuildPhase section */

/* Begin PBXVariantGroup section */
		A10849D91FF87E4600A7E045 /* Main.storyboard */ = {
			isa = PBXVariantGroup;
			children = (
				A10849DA1FF87E4600A7E045 /* Base */,
			);
			name = Main.storyboard;
			sourceTree = "<group>";
		};
		A10849DE1FF87E4700A7E045 /* LaunchScreen.storyboard */ = {
			isa = PBXVariantGroup;
			children = (
				A10849DF1FF87E4700A7E045 /* Base */,
			);
			name = LaunchScreen.storyboard;
			sourceTree = "<group>";
		};
/* End PBXVariantGroup section */

/* Begin XCBuildConfiguration section */
		A10849E21FF87E4700A7E045 /* Debug */ = {
			isa = XCBuildConfiguration;
			buildSettings = {
				ALWAYS_SEARCH_USER_PATHS = NO;
				CLANG_ANALYZER_NONNULL = YES;
				CLANG_ANALYZER_NUMBER_OBJECT_CONVERSION = YES_AGGRESSIVE;
				CLANG_CXX_LANGUAGE_STANDARD = "gnu++14";
				CLANG_CXX_LIBRARY = "libc++";
				CLANG_ENABLE_MODULES = YES;
				CLANG_ENABLE_OBJC_ARC = YES;
				CLANG_WARN_BLOCK_CAPTURE_AUTORELEASING = YES;
				CLANG_WARN_BOOL_CONVERSION = YES;
				CLANG_WARN_COMMA = YES;
				CLANG_WARN_CONSTANT_CONVERSION = YES;
				CLANG_WARN_DIRECT_OBJC_ISA_USAGE = YES_ERROR;
				CLANG_WARN_DOCUMENTATION_COMMENTS = YES;
				CLANG_WARN_EMPTY_BODY = YES;
				CLANG_WARN_ENUM_CONVERSION = YES;
				CLANG_WARN_INFINITE_RECURSION = YES;
				CLANG_WARN_INT_CONVERSION = YES;
				CLANG_WARN_NON_LITERAL_NULL_CONVERSION = YES;
				CLANG_WARN_OBJC_LITERAL_CONVERSION = YES;
				CLANG_WARN_OBJC_ROOT_CLASS = YES_ERROR;
				CLANG_WARN_RANGE_LOOP_ANALYSIS = YES;
				CLANG_WARN_STRICT_PROTOTYPES = YES;
				CLANG_WARN_SUSPICIOUS_MOVE = YES;
				CLANG_WARN_UNGUARDED_AVAILABILITY = YES_AGGRESSIVE;
				CLANG_WARN_UNREACHABLE_CODE = YES;
				CLANG_WARN__DUPLICATE_METHOD_MATCH = YES;
				CODE_SIGN_IDENTITY = "iPhone Developer";
				COPY_PHASE_STRIP = NO;
				DEBUG_INFORMATION_FORMAT = dwarf;
				ENABLE_STRICT_OBJC_MSGSEND = YES;
				ENABLE_TESTABILITY = YES;
				GCC_C_LANGUAGE_STANDARD = gnu11;
				GCC_DYNAMIC_NO_PIC = NO;
				GCC_NO_COMMON_BLOCKS = YES;
				GCC_OPTIMIZATION_LEVEL = 0;
				GCC_PREPROCESSOR_DEFINITIONS = (
					"DEBUG=1",
					"$(inherited)",
				);
				GCC_WARN_64_TO_32_BIT_CONVERSION = YES;
				GCC_WARN_ABOUT_RETURN_TYPE = YES_ERROR;
				GCC_WARN_UNDECLARED_SELECTOR = YES;
				GCC_WARN_UNINITIALIZED_AUTOS = YES_AGGRESSIVE;
				GCC_WARN_UNUSED_FUNCTION = YES;
				GCC_WARN_UNUSED_VARIABLE = YES;
				IPHONEOS_DEPLOYMENT_TARGET = 11.2;
				MTL_ENABLE_DEBUG_INFO = YES;
				ONLY_ACTIVE_ARCH = YES;
				SDKROOT = iphoneos;
				SWIFT_ACTIVE_COMPILATION_CONDITIONS = DEBUG;
				SWIFT_OPTIMIZATION_LEVEL = "-Onone";
			};
			name = Debug;
		};
		A10849E31FF87E4700A7E045 /* Release */ = {
			isa = XCBuildConfiguration;
			buildSettings = {
				ALWAYS_SEARCH_USER_PATHS = NO;
				CLANG_ANALYZER_NONNULL = YES;
				CLANG_ANALYZER_NUMBER_OBJECT_CONVERSION = YES_AGGRESSIVE;
				CLANG_CXX_LANGUAGE_STANDARD = "gnu++14";
				CLANG_CXX_LIBRARY = "libc++";
				CLANG_ENABLE_MODULES = YES;
				CLANG_ENABLE_OBJC_ARC = YES;
				CLANG_WARN_BLOCK_CAPTURE_AUTORELEASING = YES;
				CLANG_WARN_BOOL_CONVERSION = YES;
				CLANG_WARN_COMMA = YES;
				CLANG_WARN_CONSTANT_CONVERSION = YES;
				CLANG_WARN_DIRECT_OBJC_ISA_USAGE = YES_ERROR;
				CLANG_WARN_DOCUMENTATION_COMMENTS = YES;
				CLANG_WARN_EMPTY_BODY = YES;
				CLANG_WARN_ENUM_CONVERSION = YES;
				CLANG_WARN_INFINITE_RECURSION = YES;
				CLANG_WARN_INT_CONVERSION = YES;
				CLANG_WARN_NON_LITERAL_NULL_CONVERSION = YES;
				CLANG_WARN_OBJC_LITERAL_CONVERSION = YES;
				CLANG_WARN_OBJC_ROOT_CLASS = YES_ERROR;
				CLANG_WARN_RANGE_LOOP_ANALYSIS = YES;
				CLANG_WARN_STRICT_PROTOTYPES = YES;
				CLANG_WARN_SUSPICIOUS_MOVE = YES;
				CLANG_WARN_UNGUARDED_AVAILABILITY = YES_AGGRESSIVE;
				CLANG_WARN_UNREACHABLE_CODE = YES;
				CLANG_WARN__DUPLICATE_METHOD_MATCH = YES;
				CODE_SIGN_IDENTITY = "iPhone Developer";
				COPY_PHASE_STRIP = NO;
				DEBUG_INFORMATION_FORMAT = "dwarf-with-dsym";
				ENABLE_NS_ASSERTIONS = NO;
				ENABLE_STRICT_OBJC_MSGSEND = YES;
				GCC_C_LANGUAGE_STANDARD = gnu11;
				GCC_NO_COMMON_BLOCKS = YES;
				GCC_WARN_64_TO_32_BIT_CONVERSION = YES;
				GCC_WARN_ABOUT_RETURN_TYPE = YES_ERROR;
				GCC_WARN_UNDECLARED_SELECTOR = YES;
				GCC_WARN_UNINITIALIZED_AUTOS = YES_AGGRESSIVE;
				GCC_WARN_UNUSED_FUNCTION = YES;
				GCC_WARN_UNUSED_VARIABLE = YES;
				IPHONEOS_DEPLOYMENT_TARGET = 11.2;
				MTL_ENABLE_DEBUG_INFO = NO;
				SDKROOT = iphoneos;
				SWIFT_OPTIMIZATION_LEVEL = "-Owholemodule";
				VALIDATE_PRODUCT = YES;
			};
			name = Release;
		};
		A10849E51FF87E4700A7E045 /* Debug */ = {
			isa = XCBuildConfiguration;
			buildSettings = {
				ASSETCATALOG_COMPILER_APPICON_NAME = AppIcon;
				CODE_SIGN_STYLE = Automatic;
				DEVELOPMENT_TEAM = 83KAUKWZ2D;
				INFOPLIST_FILE = iOS_Personality_Quiz/Info.plist;
				LD_RUNPATH_SEARCH_PATHS = "$(inherited) @executable_path/Frameworks";
				PRODUCT_BUNDLE_IDENTIFIER = "garrettawolfe.iOS-Personality-Quiz";
				PRODUCT_NAME = "$(TARGET_NAME)";
				SWIFT_VERSION = 4.0;
				TARGETED_DEVICE_FAMILY = "1,2";
			};
			name = Debug;
		};
		A10849E61FF87E4700A7E045 /* Release */ = {
			isa = XCBuildConfiguration;
			buildSettings = {
				ASSETCATALOG_COMPILER_APPICON_NAME = AppIcon;
				CODE_SIGN_STYLE = Automatic;
				DEVELOPMENT_TEAM = 83KAUKWZ2D;
				INFOPLIST_FILE = iOS_Personality_Quiz/Info.plist;
				LD_RUNPATH_SEARCH_PATHS = "$(inherited) @executable_path/Frameworks";
				PRODUCT_BUNDLE_IDENTIFIER = "garrettawolfe.iOS-Personality-Quiz";
				PRODUCT_NAME = "$(TARGET_NAME)";
				SWIFT_VERSION = 4.0;
				TARGETED_DEVICE_FAMILY = "1,2";
			};
			name = Release;
		};
/* End XCBuildConfiguration section */

/* Begin XCConfigurationList section */
		A10849CD1FF87E4600A7E045 /* Build configuration list for PBXProject "iOS_Personality_Quiz" */ = {
			isa = XCConfigurationList;
			buildConfigurations = (
				A10849E21FF87E4700A7E045 /* Debug */,
				A10849E31FF87E4700A7E045 /* Release */,
			);
			defaultConfigurationIsVisible = 0;
			defaultConfigurationName = Release;
		};
		A10849E41FF87E4700A7E045 /* Build configuration list for PBXNativeTarget "iOS_Personality_Quiz" */ = {
			isa = XCConfigurationList;
			buildConfigurations = (
				A10849E51FF87E4700A7E045 /* Debug */,
				A10849E61FF87E4700A7E045 /* Release */,
			);
			defaultConfigurationIsVisible = 0;
			defaultConfigurationName = Release;
		};
/* End XCConfigurationList section */
	};
	rootObject = A10849CA1FF87E4600A7E045 /* Project object */;
}
